
Microsoft Visual Studio Solution File, Format Version 12.00
# Visual Studio Version 16
VisualStudioVersion = 16.0.31112.23
MinimumVisualStudioVersion = 10.0.40219.1
Project("{FAE04EC0-301F-11D3-BF4B-00C04F79EFBC}") = "FullFrameworkMVC", "FullFrameworkMVC\FullFrameworkMVC.csproj", "{858D6C2A-E6C4-44C6-BB99-57D5ED578FA7}"
EndProject
Project("{FAE04EC0-301F-11D3-BF4B-00C04F79EFBC}") = "FullCoreMVC", "FullCoreMVC\FullCoreMVC.csproj", "{62A8AEA3-1613-4D9B-9E7B-0D5348DB682F}"
EndProject
Global
	GlobalSection(SolutionConfigurationPlatforms) = preSolution
		Debug|Any CPU = Debug|Any CPU
		Release|Any CPU = Release|Any CPU
	EndGlobalSection
	GlobalSection(ProjectConfigurationPlatforms) = postSolution
		{858D6C2A-E6C4-44C6-BB99-57D5ED578FA7}.Debug|Any CPU.ActiveCfg = Debug|Any CPU
		{858D6C2A-E6C4-44C6-BB99-57D5ED578FA7}.Debug|Any CPU.Build.0 = Debug|Any CPU
		{858D6C2A-E6C4-44C6-BB99-57D5ED578FA7}.Release|Any CPU.ActiveCfg = Release|Any CPU
		{858D6C2A-E6C4-44C6-BB99-57D5ED578FA7}.Release|Any CPU.Build.0 = Release|Any CPU
		{62A8AEA3-1613-4D9B-9E7B-0D5348DB682F}.Debug|Any CPU.ActiveCfg = Debug|Any CPU
		{62A8AEA3-1613-4D9B-9E7B-0D5348DB682F}.Debug|Any CPU.Build.0 = Debug|Any CPU
		{62A8AEA3-1613-4D9B-9E7B-0D5348DB682F}.Release|Any CPU.ActiveCfg = Release|Any CPU
		{62A8AEA3-1613-4D9B-9E7B-0D5348DB682F}.Release|Any CPU.Build.0 = Release|Any CPU
	EndGlobalSection
	GlobalSection(SolutionProperties) = preSolution
		HideSolutionNode = FALSE
	EndGlobalSection
	GlobalSection(ExtensibilityGlobals) = postSolution
		SolutionGuid = {2FB44F6C-1E07-4EF7-B1D1-2248484558AF}
	EndGlobalSection
EndGlobal
